
Microsoft Visual Studio Solution File, Format Version 12.00
# Visual Studio Version 17
VisualStudioVersion = 17.4.33110.190
MinimumVisualStudioVersion = 10.0.40219.1
Project("{FAE04EC0-301F-11D3-BF4B-00C04F79EFBC}") = "zadatak20221219", "zadatak20221219\zadatak20221219.csproj", "{4384D5C3-CD01-4936-8A3F-24CE14BF569D}"
EndProject
Global
	GlobalSection(SolutionConfigurationPlatforms) = preSolution
		Debug|Any CPU = Debug|Any CPU
		Release|Any CPU = Release|Any CPU
	EndGlobalSection
	GlobalSection(ProjectConfigurationPlatforms) = postSolution
		{4384D5C3-CD01-4936-8A3F-24CE14BF569D}.Debug|Any CPU.ActiveCfg = Debug|Any CPU
		{4384D5C3-CD01-4936-8A3F-24CE14BF569D}.Debug|Any CPU.Build.0 = Debug|Any CPU
		{4384D5C3-CD01-4936-8A3F-24CE14BF569D}.Release|Any CPU.ActiveCfg = Release|Any CPU
		{4384D5C3-CD01-4936-8A3F-24CE14BF569D}.Release|Any CPU.Build.0 = Release|Any CPU
	EndGlobalSection
	GlobalSection(SolutionProperties) = preSolution
		HideSolutionNode = FALSE
	EndGlobalSection
	GlobalSection(ExtensibilityGlobals) = postSolution
		SolutionGuid = {4A58A77F-7E3A-4C88-9B51-9BD829F97CB5}
	EndGlobalSection
EndGlobal
